dependencies:
- name: ui
  repository: file://../ui
  version: 0.1.5
- name: crawler
  repository: file://../crawler
  version: 0.1.3
- name: rabbitmq
  repository: file://../rabbitmq
  version: 0.1.0
- name: mongodb
  repository: file://../mongodb
  version: 0.1.0
digest: sha256:5857584d5dc373f38f4705e0a9ded20ef3a64c94c184998274a0c3702cf1a058
generated: "2022-11-24T13:33:06.685212+03:00"
