dependencies:
- name: ui
  repository: file://../ui
  version: 0.1.1
- name: crawler
  repository: file://../crawler
  version: 0.1.0
- name: rabbitmq
  repository: file://../rabbitmq
  version: 0.1.0
- name: mongodb
  repository: file://../mongodb
  version: 0.1.0
digest: sha256:dc0d3c2b84971ee606ed17bfc9036f5f1f7fa80be07f09e15d084b19e8396843
generated: "2022-11-17T23:39:28.153186+03:00"
